{
  "nodes": {
    "dotfiles": {
      "flake": false,
      "locked": {
        "lastModified": 1777128917,
        "narHash": "sha256-v6AZdzkdUintIHei152L3ch8voh9M84zd1a+PoUf3+4=",
        "path": "/home/rtm/.dotfiles",
        "type": "path"
      },
      "original": {
        "path": "/home/rtm/.dotfiles",
        "type": "path"
      }
    },
    "grapeNutsFont": {
      "flake": false,
      "locked": {
        "narHash": "sha256-x8oNtcbBX6aRnZ4LF1G/O0CSBQ/h3w0D0P85m0mM/KM=",
        "type": "file",
        "url": "https://github.com/renantmagalhaes/workstation/raw/static-files/fonts/GrapeNuts-Regular.ttf"
      },
      "original": {
        "type": "file",
        "url": "https://github.com/renantmagalhaes/workstation/raw/static-files/fonts/GrapeNuts-Regular.ttf"
      }
    },
    "home-manager": {
      "inputs": {
        "nixpkgs": [
          "nixpkgs"
        ]
      },
      "locked": {
        "lastModified": 1777086106,
        "narHash": "sha256-hlNpIN18pw3xo34Lsrp6vAMUPn0aB/zFBqL0QXI1Pmk=",
        "owner": "nix-community",
        "repo": "home-manager",
        "rev": "5826802354a74af18540aef0b01bc1320f82cc17",
        "type": "github"
      },
      "original": {
        "owner": "nix-community",
        "repo": "home-manager",
        "type": "github"
      }
    },
    "icomoonFont": {
      "flake": false,
      "locked": {
        "narHash": "sha256-2NsqqQLiWm6zk1ri1Cd4KQi0YMp+h3CZdudFCF6rlOk=",
        "type": "file",
        "url": "https://github.com/renantmagalhaes/workstation/raw/static-files/fonts/Icomoon-Feather.ttf"
      },
      "original": {
        "type": "file",
        "url": "https://github.com/renantmagalhaes/workstation/raw/static-files/fonts/Icomoon-Feather.ttf"
      }
    },
    "nix-flatpak": {
      "locked": {
        "lastModified": 1767983141,
        "narHash": "sha256-7ZCulYUD9RmJIDULTRkGLSW1faMpDlPKcbWJLYHoXcs=",
        "owner": "gmodena",
        "repo": "nix-flatpak",
        "rev": "440818969ac2cbd77bfe025e884d0aa528991374",
        "type": "github"
      },
      "original": {
        "owner": "gmodena",
        "ref": "latest",
        "repo": "nix-flatpak",
        "type": "github"
      }
    },
    "nix-index-database": {
      "inputs": {
        "nixpkgs": [
          "nixpkgs"
        ]
      },
      "locked": {
        "lastModified": 1776829403,
        "narHash": "sha256-oHVcvP2Ahhj1KUsEzp+2BQF55/r5VSa3QxdPdwE1p00=",
        "owner": "nix-community",
        "repo": "nix-index-database",
        "rev": "c43246d4e9e506178b69baed075d797ec2d873e2",
        "type": "github"
      },
      "original": {
        "owner": "nix-community",
        "repo": "nix-index-database",
        "type": "github"
      }
    },
    "nixpkgs": {
      "locked": {
        "lastModified": 1776877367,
        "narHash": "sha256-EHq1/OX139R1RvBzOJ0aMRT3xnWyqtHBRUBuO1gFzjI=",
        "owner": "NixOS",
        "repo": "nixpkgs",
        "rev": "0726a0ecb6d4e08f6adced58726b95db924cef57",
        "type": "github"
      },
      "original": {
        "owner": "NixOS",
        "ref": "nixos-unstable",
        "repo": "nixpkgs",
        "type": "github"
      }
    },
    "plasma-manager": {
      "inputs": {
        "home-manager": [
          "home-manager"
        ],
        "nixpkgs": [
          "nixpkgs"
        ]
      },
      "locked": {
        "lastModified": 1775856943,
        "narHash": "sha256-b7Mp7P+q2Md5AGt4rjHfMcBykzMumFTen10ST++AuTU=",
        "owner": "nix-community",
        "repo": "plasma-manager",
        "rev": "a524a6160e6df89f7673ba293cf7d78b559eb1a5",
        "type": "github"
      },
      "original": {
        "owner": "nix-community",
        "repo": "plasma-manager",
        "type": "github"
      }
    },
    "quickshell": {
      "inputs": {
        "nixpkgs": [
          "nixpkgs"
        ]
      },
      "locked": {
        "lastModified": 1777089709,
        "narHash": "sha256-bZoy6qxL6Dbptt6PABvuhGKbyjuoyI7SQ1tzxM9g/QM=",
        "owner": "quickshell-mirror",
        "repo": "quickshell",
        "rev": "11a71d233a566caba4ddffdca2e41d1fa79e45b1",
        "type": "github"
      },
      "original": {
        "owner": "quickshell-mirror",
        "repo": "quickshell",
        "type": "github"
      }
    },
    "root": {
      "inputs": {
        "dotfiles": "dotfiles",
        "grapeNutsFont": "grapeNutsFont",
        "home-manager": "home-manager",
        "icomoonFont": "icomoonFont",
        "nix-flatpak": "nix-flatpak",
        "nix-index-database": "nix-index-database",
        "nixpkgs": "nixpkgs",
        "plasma-manager": "plasma-manager",
        "quickshell": "quickshell"
      }
    }
  },
  "root": "root",
  "version": 7
}
