{
  "nodes": {
    "dotfiles": {
      "flake": false,
      "locked": {
        "lastModified": 1776254092,
        "narHash": "sha256-+9NWB0xSH4TLIECQQNdp65Qif/OZrkxkyJubTQB4VUA=",
        "path": "/home/rtm/.dotfiles",
        "type": "path"
      },
      "original": {
        "path": "/home/rtm/.dotfiles",
        "type": "path"
      }
    },
    "grapeNutsFont": {
      "flake": false,
      "locked": {
        "narHash": "sha256-x8oNtcbBX6aRnZ4LF1G/O0CSBQ/h3w0D0P85m0mM/KM=",
        "type": "file",
        "url": "https://github.com/renantmagalhaes/workstation/raw/static-files/fonts/GrapeNuts-Regular.ttf"
      },
      "original": {
        "type": "file",
        "url": "https://github.com/renantmagalhaes/workstation/raw/static-files/fonts/GrapeNuts-Regular.ttf"
      }
    },
    "home-manager": {
      "inputs": {
        "nixpkgs": [
          "nixpkgs"
        ]
      },
      "locked": {
        "lastModified": 1776184304,
        "narHash": "sha256-No6QGBmIv5ChiwKCcbkxjdEQ/RO2ZS1gD7SFy6EZ7rc=",
        "owner": "nix-community",
        "repo": "home-manager",
        "rev": "3c7524c68348ef79ce48308e0978611a050089b2",
        "type": "github"
      },
      "original": {
        "owner": "nix-community",
        "repo": "home-manager",
        "type": "github"
      }
    },
    "icomoonFont": {
      "flake": false,
      "locked": {
        "narHash": "sha256-2NsqqQLiWm6zk1ri1Cd4KQi0YMp+h3CZdudFCF6rlOk=",
        "type": "file",
        "url": "https://github.com/renantmagalhaes/workstation/raw/static-files/fonts/Icomoon-Feather.ttf"
      },
      "original": {
        "type": "file",
        "url": "https://github.com/renantmagalhaes/workstation/raw/static-files/fonts/Icomoon-Feather.ttf"
      }
    },
    "nix-flatpak": {
      "locked": {
        "lastModified": 1767983141,
        "narHash": "sha256-7ZCulYUD9RmJIDULTRkGLSW1faMpDlPKcbWJLYHoXcs=",
        "owner": "gmodena",
        "repo": "nix-flatpak",
        "rev": "440818969ac2cbd77bfe025e884d0aa528991374",
        "type": "github"
      },
      "original": {
        "owner": "gmodena",
        "ref": "latest",
        "repo": "nix-flatpak",
        "type": "github"
      }
    },
    "nixpkgs": {
      "locked": {
        "lastModified": 1776169885,
        "narHash": "sha256-l/iNYDZ4bGOAFQY2q8y5OAfBBtrDAaPuRQqWaFHVRXM=",
        "owner": "NixOS",
        "repo": "nixpkgs",
        "rev": "4bd9165a9165d7b5e33ae57f3eecbcb28fb231c9",
        "type": "github"
      },
      "original": {
        "owner": "NixOS",
        "ref": "nixos-unstable",
        "repo": "nixpkgs",
        "type": "github"
      }
    },
    "quickshell": {
      "inputs": {
        "nixpkgs": [
          "nixpkgs"
        ]
      },
      "locked": {
        "lastModified": 1776066068,
        "narHash": "sha256-SwKVkgEsqsp5ki9m7fqvhncb5MjvH1hlZqbn3s+x/Uk=",
        "owner": "quickshell-mirror",
        "repo": "quickshell",
        "rev": "fb08eced449e87e47321e95beeb890a63d2c67bd",
        "type": "github"
      },
      "original": {
        "owner": "quickshell-mirror",
        "repo": "quickshell",
        "type": "github"
      }
    },
    "root": {
      "inputs": {
        "dotfiles": "dotfiles",
        "grapeNutsFont": "grapeNutsFont",
        "home-manager": "home-manager",
        "icomoonFont": "icomoonFont",
        "nix-flatpak": "nix-flatpak",
        "nixpkgs": "nixpkgs",
        "quickshell": "quickshell"
      }
    }
  },
  "root": "root",
  "version": 7
}
